// !$*UTF8*$!
{
	archiveVersion = 1;
	classes = {
	};
	objectVersion = 56;
	objects = {

/* Begin PBXBuildFile section */
		A3C44F842B5113C4004F18DF /* HealthTrackingApp.swift in Sources */ = {isa = PBXBuildFile; fileRef = A3C44F832B5113C4004F18DF /* HealthTrackingApp.swift */; };
		A3C44F862B5113C4004F18DF /* ContentView.swift in Sources */ = {isa = PBXBuildFile; fileRef = A3C44F852B5113C4004F18DF /* ContentView.swift */; };
		A3C44F882B5113C7004F18DF /* Assets.xcassets in Resources */ = {isa = PBXBuildFile; fileRef = A3C44F872B5113C7004F18DF /* Assets.xcassets */; };
		A3C44F8B2B5113C7004F18DF /* Preview Assets.xcassets in Resources */ = {isa = PBXBuildFile; fileRef = A3C44F8A2B5113C7004F18DF /* Preview Assets.xcassets */; };
		A3C44F922B5113E4004F18DF /* ActivityCardView.swift in Sources */ = {isa = PBXBuildFile; fileRef = A3C44F912B5113E4004F18DF /* ActivityCardView.swift */; };
		A3C44F942B5117BC004F18DF /* HealthManager.swift in Sources */ = {isa = PBXBuildFile; fileRef = A3C44F932B5117BC004F18DF /* HealthManager.swift */; };
		A3C44F962B5119D8004F18DF /* HealthTabView.swift in Sources */ = {isa = PBXBuildFile; fileRef = A3C44F952B5119D8004F18DF /* HealthTabView.swift */; };
		A3C44F982B511A5F004F18DF /* RootView.swift in Sources */ = {isa = PBXBuildFile; fileRef = A3C44F972B511A5F004F18DF /* RootView.swift */; };
		A3C44F9E2B511D53004F18DF /* ActivityModel.swift in Sources */ = {isa = PBXBuildFile; fileRef = A3C44F9D2B511D53004F18DF /* ActivityModel.swift */; };
/* End PBXBuildFile section */

/* Begin PBXFileReference section */
		A3C44F802B5113C4004F18DF /* HealthTracking.app */ = {isa = PBXFileReference; explicitFileType = wrapper.application; includeInIndex = 0; path = HealthTracking.app; sourceTree = BUILT_PRODUCTS_DIR; };
		A3C44F832B5113C4004F18DF /* HealthTrackingApp.swift */ = {isa = PBXFileReference; lastKnownFileType = sourcecode.swift; path = HealthTrackingApp.swift; sourceTree = "<group>"; };
		A3C44F852B5113C4004F18DF /* ContentView.swift */ = {isa = PBXFileReference; lastKnownFileType = sourcecode.swift; path = ContentView.swift; sourceTree = "<group>"; };
		A3C44F872B5113C7004F18DF /* Assets.xcassets */ = {isa = PBXFileReference; lastKnownFileType = folder.assetcatalog; path = Assets.xcassets; sourceTree = "<group>"; };
		A3C44F8A2B5113C7004F18DF /* Preview Assets.xcassets */ = {isa = PBXFileReference; lastKnownFileType = folder.assetcatalog; path = "Preview Assets.xcassets"; sourceTree = "<group>"; };
		A3C44F912B5113E4004F18DF /* ActivityCardView.swift */ = {isa = PBXFileReference; lastKnownFileType = sourcecode.swift; path = ActivityCardView.swift; sourceTree = "<group>"; };
		A3C44F932B5117BC004F18DF /* HealthManager.swift */ = {isa = PBXFileReference; lastKnownFileType = sourcecode.swift; path = HealthManager.swift; sourceTree = "<group>"; };
		A3C44F952B5119D8004F18DF /* HealthTabView.swift */ = {isa = PBXFileReference; lastKnownFileType = sourcecode.swift; path = HealthTabView.swift; sourceTree = "<group>"; };
		A3C44F972B511A5F004F18DF /* RootView.swift */ = {isa = PBXFileReference; lastKnownFileType = sourcecode.swift; path = RootView.swift; sourceTree = "<group>"; };
		A3C44F992B511BD8004F18DF /* HealthTracking.entitlements */ = {isa = PBXFileReference; lastKnownFileType = text.plist.entitlements; path = HealthTracking.entitlements; sourceTree = "<group>"; };
		A3C44F9D2B511D53004F18DF /* ActivityModel.swift */ = {isa = PBXFileReference; lastKnownFileType = sourcecode.swift; path = ActivityModel.swift; sourceTree = "<group>"; };
/* End PBXFileReference section */

/* Begin PBXFrameworksBuildPhase section */
		A3C44F7D2B5113C4004F18DF /* Frameworks */ = {
			isa = PBXFrameworksBuildPhase;
			buildActionMask = 2147483647;
			files = (
			);
			runOnlyForDeploymentPostprocessing = 0;
		};
/* End PBXFrameworksBuildPhase section */

/* Begin PBXGroup section */
		A3C44F772B5113C4004F18DF = {
			isa = PBXGroup;
			children = (
				A3C44F822B5113C4004F18DF /* HealthTracking */,
				A3C44F812B5113C4004F18DF /* Products */,
			);
			sourceTree = "<group>";
		};
		A3C44F812B5113C4004F18DF /* Products */ = {
			isa = PBXGroup;
			children = (
				A3C44F802B5113C4004F18DF /* HealthTracking.app */,
			);
			name = Products;
			sourceTree = "<group>";
		};
		A3C44F822B5113C4004F18DF /* HealthTracking */ = {
			isa = PBXGroup;
			children = (
				A3C44F992B511BD8004F18DF /* HealthTracking.entitlements */,
				A3C44F832B5113C4004F18DF /* HealthTrackingApp.swift */,
				A3C44F9C2B511D46004F18DF /* Model */,
				A3C44F9B2B511D3A004F18DF /* ViewModel */,
				A3C44F9A2B511D29004F18DF /* View */,
				A3C44F872B5113C7004F18DF /* Assets.xcassets */,
				A3C44F892B5113C7004F18DF /* Preview Content */,
			);
			path = HealthTracking;
			sourceTree = "<group>";
		};
		A3C44F892B5113C7004F18DF /* Preview Content */ = {
			isa = PBXGroup;
			children = (
				A3C44F8A2B5113C7004F18DF /* Preview Assets.xcassets */,
			);
			path = "Preview Content";
			sourceTree = "<group>";
		};
		A3C44F9A2B511D29004F18DF /* View */ = {
			isa = PBXGroup;
			children = (
				A3C44F852B5113C4004F18DF /* ContentView.swift */,
				A3C44F972B511A5F004F18DF /* RootView.swift */,
				A3C44F952B5119D8004F18DF /* HealthTabView.swift */,
				A3C44F912B5113E4004F18DF /* ActivityCardView.swift */,
			);
			path = View;
			sourceTree = "<group>";
		};
		A3C44F9B2B511D3A004F18DF /* ViewModel */ = {
			isa = PBXGroup;
			children = (
				A3C44F932B5117BC004F18DF /* HealthManager.swift */,
			);
			path = ViewModel;
			sourceTree = "<group>";
		};
		A3C44F9C2B511D46004F18DF /* Model */ = {
			isa = PBXGroup;
			children = (
				A3C44F9D2B511D53004F18DF /* ActivityModel.swift */,
			);
			path = Model;
			sourceTree = "<group>";
		};
/* End PBXGroup section */

/* Begin PBXNativeTarget section */
		A3C44F7F2B5113C4004F18DF /* HealthTracking */ = {
			isa = PBXNativeTarget;
			buildConfigurationList = A3C44F8E2B5113C7004F18DF /* Build configuration list for PBXNativeTarget "HealthTracking" */;
			buildPhases = (
				A3C44F7C2B5113C4004F18DF /* Sources */,
				A3C44F7D2B5113C4004F18DF /* Frameworks */,
				A3C44F7E2B5113C4004F18DF /* Resources */,
			);
			buildRules = (
			);
			dependencies = (
			);
			name = HealthTracking;
			productName = HealthTracking;
			productReference = A3C44F802B5113C4004F18DF /* HealthTracking.app */;
			productType = "com.apple.product-type.application";
		};
/* End PBXNativeTarget section */

/* Begin PBXProject section */
		A3C44F782B5113C4004F18DF /* Project object */ = {
			isa = PBXProject;
			attributes = {
				BuildIndependentTargetsInParallel = 1;
				LastSwiftUpdateCheck = 1500;
				LastUpgradeCheck = 1500;
				TargetAttributes = {
					A3C44F7F2B5113C4004F18DF = {
						CreatedOnToolsVersion = 15.0;
					};
				};
			};
			buildConfigurationList = A3C44F7B2B5113C4004F18DF /* Build configuration list for PBXProject "HealthTracking" */;
			compatibilityVersion = "Xcode 14.0";
			developmentRegion = en;
			hasScannedForEncodings = 0;
			knownRegions = (
				en,
				Base,
			);
			mainGroup = A3C44F772B5113C4004F18DF;
			productRefGroup = A3C44F812B5113C4004F18DF /* Products */;
			projectDirPath = "";
			projectRoot = "";
			targets = (
				A3C44F7F2B5113C4004F18DF /* HealthTracking */,
			);
		};
/* End PBXProject section */

/* Begin PBXResourcesBuildPhase section */
		A3C44F7E2B5113C4004F18DF /* Resources */ = {
			isa = PBXResourcesBuildPhase;
			buildActionMask = 2147483647;
			files = (
				A3C44F8B2B5113C7004F18DF /* Preview Assets.xcassets in Resources */,
				A3C44F882B5113C7004F18DF /* Assets.xcassets in Resources */,
			);
			runOnlyForDeploymentPostprocessing = 0;
		};
/* End PBXResourcesBuildPhase section */

/* Begin PBXSourcesBuildPhase section */
		A3C44F7C2B5113C4004F18DF /* Sources */ = {
			isa = PBXSourcesBuildPhase;
			buildActionMask = 2147483647;
			files = (
				A3C44F922B5113E4004F18DF /* ActivityCardView.swift in Sources */,
				A3C44F862B5113C4004F18DF /* ContentView.swift in Sources */,
				A3C44F9E2B511D53004F18DF /* ActivityModel.swift in Sources */,
				A3C44F982B511A5F004F18DF /* RootView.swift in Sources */,
				A3C44F842B5113C4004F18DF /* HealthTrackingApp.swift in Sources */,
				A3C44F962B5119D8004F18DF /* HealthTabView.swift in Sources */,
				A3C44F942B5117BC004F18DF /* HealthManager.swift in Sources */,
			);
			runOnlyForDeploymentPostprocessing = 0;
		};
/* End PBXSourcesBuildPhase section */

/* Begin XCBuildConfiguration section */
		A3C44F8C2B5113C7004F18DF /* Debug */ = {
			isa = XCBuildConfiguration;
			buildSettings = {
				ALWAYS_SEARCH_USER_PATHS = NO;
				ASSETCATALOG_COMPILER_GENERATE_SWIFT_ASSET_SYMBOL_EXTENSIONS = YES;
				CLANG_ANALYZER_NONNULL = YES;
				CLANG_ANALYZER_NUMBER_OBJECT_CONVERSION = YES_AGGRESSIVE;
				CLANG_CXX_LANGUAGE_STANDARD = "gnu++20";
				CLANG_ENABLE_MODULES = YES;
				CLANG_ENABLE_OBJC_ARC = YES;
				CLANG_ENABLE_OBJC_WEAK = YES;
				CLANG_WARN_BLOCK_CAPTURE_AUTORELEASING = YES;
				CLANG_WARN_BOOL_CONVERSION = YES;
				CLANG_WARN_COMMA = YES;
				CLANG_WARN_CONSTANT_CONVERSION = YES;
				CLANG_WARN_DEPRECATED_OBJC_IMPLEMENTATIONS = YES;
				CLANG_WARN_DIRECT_OBJC_ISA_USAGE = YES_ERROR;
				CLANG_WARN_DOCUMENTATION_COMMENTS = YES;
				CLANG_WARN_EMPTY_BODY = YES;
				CLANG_WARN_ENUM_CONVERSION = YES;
				CLANG_WARN_INFINITE_RECURSION = YES;
				CLANG_WARN_INT_CONVERSION = YES;
				CLANG_WARN_NON_LITERAL_NULL_CONVERSION = YES;
				CLANG_WARN_OBJC_IMPLICIT_RETAIN_SELF = YES;
				CLANG_WARN_OBJC_LITERAL_CONVERSION = YES;
				CLANG_WARN_OBJC_ROOT_CLASS = YES_ERROR;
				CLANG_WARN_QUOTED_INCLUDE_IN_FRAMEWORK_HEADER = YES;
				CLANG_WARN_RANGE_LOOP_ANALYSIS = YES;
				CLANG_WARN_STRICT_PROTOTYPES = YES;
				CLANG_WARN_SUSPICIOUS_MOVE = YES;
				CLANG_WARN_UNGUARDED_AVAILABILITY = YES_AGGRESSIVE;
				CLANG_WARN_UNREACHABLE_CODE = YES;
				CLANG_WARN__DUPLICATE_METHOD_MATCH = YES;
				COPY_PHASE_STRIP = NO;
				DEBUG_INFORMATION_FORMAT = dwarf;
				ENABLE_STRICT_OBJC_MSGSEND = YES;
				ENABLE_TESTABILITY = YES;
				ENABLE_USER_SCRIPT_SANDBOXING = YES;
				GCC_C_LANGUAGE_STANDARD = gnu17;
				GCC_DYNAMIC_NO_PIC = NO;
				GCC_NO_COMMON_BLOCKS = YES;
				GCC_OPTIMIZATION_LEVEL = 0;
				GCC_PREPROCESSOR_DEFINITIONS = (
					"DEBUG=1",
					"$(inherited)",
				);
				GCC_WARN_64_TO_32_BIT_CONVERSION = YES;
				GCC_WARN_ABOUT_RETURN_TYPE = YES_ERROR;
				GCC_WARN_UNDECLARED_SELECTOR = YES;
				GCC_WARN_UNINITIALIZED_AUTOS = YES_AGGRESSIVE;
				GCC_WARN_UNUSED_FUNCTION = YES;
				GCC_WARN_UNUSED_VARIABLE = YES;
				IPHONEOS_DEPLOYMENT_TARGET = 17.0;
				LOCALIZATION_PREFERS_STRING_CATALOGS = YES;
				MTL_ENABLE_DEBUG_INFO = INCLUDE_SOURCE;
				MTL_FAST_MATH = YES;
				ONLY_ACTIVE_ARCH = YES;
				SDKROOT = iphoneos;
				SWIFT_ACTIVE_COMPILATION_CONDITIONS = "DEBUG $(inherited)";
				SWIFT_OPTIMIZATION_LEVEL = "-Onone";
			};
			name = Debug;
		};
		A3C44F8D2B5113C7004F18DF /* Release */ = {
			isa = XCBuildConfiguration;
			buildSettings = {
				ALWAYS_SEARCH_USER_PATHS = NO;
				ASSETCATALOG_COMPILER_GENERATE_SWIFT_ASSET_SYMBOL_EXTENSIONS = YES;
				CLANG_ANALYZER_NONNULL = YES;
				CLANG_ANALYZER_NUMBER_OBJECT_CONVERSION = YES_AGGRESSIVE;
				CLANG_CXX_LANGUAGE_STANDARD = "gnu++20";
				CLANG_ENABLE_MODULES = YES;
				CLANG_ENABLE_OBJC_ARC = YES;
				CLANG_ENABLE_OBJC_WEAK = YES;
				CLANG_WARN_BLOCK_CAPTURE_AUTORELEASING = YES;
				CLANG_WARN_BOOL_CONVERSION = YES;
				CLANG_WARN_COMMA = YES;
				CLANG_WARN_CONSTANT_CONVERSION = YES;
				CLANG_WARN_DEPRECATED_OBJC_IMPLEMENTATIONS = YES;
				CLANG_WARN_DIRECT_OBJC_ISA_USAGE = YES_ERROR;
				CLANG_WARN_DOCUMENTATION_COMMENTS = YES;
				CLANG_WARN_EMPTY_BODY = YES;
				CLANG_WARN_ENUM_CONVERSION = YES;
				CLANG_WARN_INFINITE_RECURSION = YES;
				CLANG_WARN_INT_CONVERSION = YES;
				CLANG_WARN_NON_LITERAL_NULL_CONVERSION = YES;
				CLANG_WARN_OBJC_IMPLICIT_RETAIN_SELF = YES;
				CLANG_WARN_OBJC_LITERAL_CONVERSION = YES;
				CLANG_WARN_OBJC_ROOT_CLASS = YES_ERROR;
				CLANG_WARN_QUOTED_INCLUDE_IN_FRAMEWORK_HEADER = YES;
				CLANG_WARN_RANGE_LOOP_ANALYSIS = YES;
				CLANG_WARN_STRICT_PROTOTYPES = YES;
				CLANG_WARN_SUSPICIOUS_MOVE = YES;
				CLANG_WARN_UNGUARDED_AVAILABILITY = YES_AGGRESSIVE;
				CLANG_WARN_UNREACHABLE_CODE = YES;
				CLANG_WARN__DUPLICATE_METHOD_MATCH = YES;
				COPY_PHASE_STRIP = NO;
				DEBUG_INFORMATION_FORMAT = "dwarf-with-dsym";
				ENABLE_NS_ASSERTIONS = NO;
				ENABLE_STRICT_OBJC_MSGSEND = YES;
				ENABLE_USER_SCRIPT_SANDBOXING = YES;
				GCC_C_LANGUAGE_STANDARD = gnu17;
				GCC_NO_COMMON_BLOCKS = YES;
				GCC_WARN_64_TO_32_BIT_CONVERSION = YES;
				GCC_WARN_ABOUT_RETURN_TYPE = YES_ERROR;
				GCC_WARN_UNDECLARED_SELECTOR = YES;
				GCC_WARN_UNINITIALIZED_AUTOS = YES_AGGRESSIVE;
				GCC_WARN_UNUSED_FUNCTION = YES;
				GCC_WARN_UNUSED_VARIABLE = YES;
				IPHONEOS_DEPLOYMENT_TARGET = 17.0;
				LOCALIZATION_PREFERS_STRING_CATALOGS = YES;
				MTL_ENABLE_DEBUG_INFO = NO;
				MTL_FAST_MATH = YES;
				SDKROOT = iphoneos;
				SWIFT_COMPILATION_MODE = wholemodule;
				VALIDATE_PRODUCT = YES;
			};
			name = Release;
		};
		A3C44F8F2B5113C7004F18DF /* Debug */ = {
			isa = XCBuildConfiguration;
			buildSettings = {
				ASSETCATALOG_COMPILER_APPICON_NAME = AppIcon;
				ASSETCATALOG_COMPILER_GLOBAL_ACCENT_COLOR_NAME = AccentColor;
				CODE_SIGN_ENTITLEMENTS = HealthTracking/HealthTracking.entitlements;
				CODE_SIGN_STYLE = Automatic;
				CURRENT_PROJECT_VERSION = 1;
				DEVELOPMENT_ASSET_PATHS = "\"HealthTracking/Preview Content\"";
				DEVELOPMENT_TEAM = NU35GM8TLX;
				ENABLE_PREVIEWS = YES;
				GENERATE_INFOPLIST_FILE = YES;
				INFOPLIST_KEY_NSHealthShareUsageDescription = "To read the health data and show it in the application";
				INFOPLIST_KEY_NSHealthUpdateUsageDescription = "To update the health data and show it in the application";
				INFOPLIST_KEY_UIApplicationSceneManifest_Generation = YES;
				INFOPLIST_KEY_UIApplicationSupportsIndirectInputEvents = YES;
				INFOPLIST_KEY_UILaunchScreen_Generation = YES;
				INFOPLIST_KEY_UISupportedInterfaceOrientations_iPad = "UIInterfaceOrientationPortrait UIInterfaceOrientationPortraitUpsideDown UIInterfaceOrientationLandscapeLeft UIInterfaceOrientationLandscapeRight";
				INFOPLIST_KEY_UISupportedInterfaceOrientations_iPhone = "UIInterfaceOrientationPortrait UIInterfaceOrientationLandscapeLeft UIInterfaceOrientationLandscapeRight";
				LD_RUNPATH_SEARCH_PATHS = (
					"$(inherited)",
					"@executable_path/Frameworks",
				);
				MARKETING_VERSION = 1.0;
				PRODUCT_BUNDLE_IDENTIFIER = com.doris.HealthTracking;
				PRODUCT_NAME = "$(TARGET_NAME)";
				SWIFT_EMIT_LOC_STRINGS = YES;
				SWIFT_VERSION = 5.0;
				TARGETED_DEVICE_FAMILY = "1,2";
			};
			name = Debug;
		};
		A3C44F902B5113C7004F18DF /* Release */ = {
			isa = XCBuildConfiguration;
			buildSettings = {
				ASSETCATALOG_COMPILER_APPICON_NAME = AppIcon;
				ASSETCATALOG_COMPILER_GLOBAL_ACCENT_COLOR_NAME = AccentColor;
				CODE_SIGN_ENTITLEMENTS = HealthTracking/HealthTracking.entitlements;
				CODE_SIGN_STYLE = Automatic;
				CURRENT_PROJECT_VERSION = 1;
				DEVELOPMENT_ASSET_PATHS = "\"HealthTracking/Preview Content\"";
				DEVELOPMENT_TEAM = NU35GM8TLX;
				ENABLE_PREVIEWS = YES;
				GENERATE_INFOPLIST_FILE = YES;
				INFOPLIST_KEY_NSHealthShareUsageDescription = "To read the health data and show it in the application";
				INFOPLIST_KEY_NSHealthUpdateUsageDescription = "To update the health data and show it in the application";
				INFOPLIST_KEY_UIApplicationSceneManifest_Generation = YES;
				INFOPLIST_KEY_UIApplicationSupportsIndirectInputEvents = YES;
				INFOPLIST_KEY_UILaunchScreen_Generation = YES;
				INFOPLIST_KEY_UISupportedInterfaceOrientations_iPad = "UIInterfaceOrientationPortrait UIInterfaceOrientationPortraitUpsideDown UIInterfaceOrientationLandscapeLeft UIInterfaceOrientationLandscapeRight";
				INFOPLIST_KEY_UISupportedInterfaceOrientations_iPhone = "UIInterfaceOrientationPortrait UIInterfaceOrientationLandscapeLeft UIInterfaceOrientationLandscapeRight";
				LD_RUNPATH_SEARCH_PATHS = (
					"$(inherited)",
					"@executable_path/Frameworks",
				);
				MARKETING_VERSION = 1.0;
				PRODUCT_BUNDLE_IDENTIFIER = com.doris.HealthTracking;
				PRODUCT_NAME = "$(TARGET_NAME)";
				SWIFT_EMIT_LOC_STRINGS = YES;
				SWIFT_VERSION = 5.0;
				TARGETED_DEVICE_FAMILY = "1,2";
			};
			name = Release;
		};
/* End XCBuildConfiguration section */

/* Begin XCConfigurationList section */
		A3C44F7B2B5113C4004F18DF /* Build configuration list for PBXProject "HealthTracking" */ = {
			isa = XCConfigurationList;
			buildConfigurations = (
				A3C44F8C2B5113C7004F18DF /* Debug */,
				A3C44F8D2B5113C7004F18DF /* Release */,
			);
			defaultConfigurationIsVisible = 0;
			defaultConfigurationName = Release;
		};
		A3C44F8E2B5113C7004F18DF /* Build configuration list for PBXNativeTarget "HealthTracking" */ = {
			isa = XCConfigurationList;
			buildConfigurations = (
				A3C44F8F2B5113C7004F18DF /* Debug */,
				A3C44F902B5113C7004F18DF /* Release */,
			);
			defaultConfigurationIsVisible = 0;
			defaultConfigurationName = Release;
		};
/* End XCConfigurationList section */
	};
	rootObject = A3C44F782B5113C4004F18DF /* Project object */;
}
